// !$*UTF8*$!
{
	archiveVersion = 1;
	classes = {
	};
	objectVersion = 50;
	objects = {

/* Begin PBXBuildFile section */
		33E1352E21AF0F98007C1FCC /* AppDelegate.swift in Sources */ = {isa = PBXBuildFile; fileRef = 33E1352D21AF0F98007C1FCC /* AppDelegate.swift */; };
		33E1353021AF0F98007C1FCC /* ViewController.swift in Sources */ = {isa = PBXBuildFile; fileRef = 33E1352F21AF0F98007C1FCC /* ViewController.swift */; };
		33E1353321AF0F98007C1FCC /* Main.storyboard in Resources */ = {isa = PBXBuildFile; fileRef = 33E1353121AF0F98007C1FCC /* Main.storyboard */; };
		33E1353521AF0F9C007C1FCC /* Assets.xcassets in Resources */ = {isa = PBXBuildFile; fileRef = 33E1353421AF0F9C007C1FCC /* Assets.xcassets */; };
		33E1353821AF0F9C007C1FCC /* LaunchScreen.storyboard in Resources */ = {isa = PBXBuildFile; fileRef = 33E1353621AF0F9C007C1FCC /* LaunchScreen.storyboard */; };
		33E1354321AF0F9C007C1FCC /* DungeonRPGTests.swift in Sources */ = {isa = PBXBuildFile; fileRef = 33E1354221AF0F9C007C1FCC /* DungeonRPGTests.swift */; };
		33E1354E21AF0F9C007C1FCC /* DungeonRPGUITests.swift in Sources */ = {isa = PBXBuildFile; fileRef = 33E1354D21AF0F9C007C1FCC /* DungeonRPGUITests.swift */; };
		33E1357821AF119B007C1FCC /* heroes in Resources */ = {isa = PBXBuildFile; fileRef = 33E1357721AF119B007C1FCC /* heroes */; };
		33E1357A21AF11CD007C1FCC /* items in Resources */ = {isa = PBXBuildFile; fileRef = 33E1357921AF11CD007C1FCC /* items */; };
		33E1357C21AF11D6007C1FCC /* logo.jpg in Resources */ = {isa = PBXBuildFile; fileRef = 33E1357B21AF11D6007C1FCC /* logo.jpg */; };
		33E1357E21AF11E2007C1FCC /* monsters in Resources */ = {isa = PBXBuildFile; fileRef = 33E1357D21AF11E2007C1FCC /* monsters */; };
		33E1358021AF11F0007C1FCC /* stats in Resources */ = {isa = PBXBuildFile; fileRef = 33E1357F21AF11F0007C1FCC /* stats */; };
		33E1358221AF12E8007C1FCC /* Heroe.swift in Sources */ = {isa = PBXBuildFile; fileRef = 33E1358121AF12E8007C1FCC /* Heroe.swift */; };
		33E1358421AF1642007C1FCC /* Stuff.swift in Sources */ = {isa = PBXBuildFile; fileRef = 33E1358321AF1642007C1FCC /* Stuff.swift */; };
		33E1358621AF16E7007C1FCC /* Item.swift in Sources */ = {isa = PBXBuildFile; fileRef = 33E1358521AF16E7007C1FCC /* Item.swift */; };
		33E1358821AF1B63007C1FCC /* Monstruo.swift in Sources */ = {isa = PBXBuildFile; fileRef = 33E1358721AF1B63007C1FCC /* Monstruo.swift */; };
/* End PBXBuildFile section */

/* Begin PBXContainerItemProxy section */
		33E1353F21AF0F9C007C1FCC /* PBXContainerItemProxy */ = {
			isa = PBXContainerItemProxy;
			containerPortal = 33E1352221AF0F98007C1FCC /* Project object */;
			proxyType = 1;
			remoteGlobalIDString = 33E1352921AF0F98007C1FCC;
			remoteInfo = DungeonRPG;
		};
		33E1354A21AF0F9C007C1FCC /* PBXContainerItemProxy */ = {
			isa = PBXContainerItemProxy;
			containerPortal = 33E1352221AF0F98007C1FCC /* Project object */;
			proxyType = 1;
			remoteGlobalIDString = 33E1352921AF0F98007C1FCC;
			remoteInfo = DungeonRPG;
		};
/* End PBXContainerItemProxy section */

/* Begin PBXFileReference section */
		33E1352A21AF0F98007C1FCC /* DungeonRPG.app */ = {isa = PBXFileReference; explicitFileType = wrapper.application; includeInIndex = 0; path = DungeonRPG.app; sourceTree = BUILT_PRODUCTS_DIR; };
		33E1352D21AF0F98007C1FCC /* AppDelegate.swift */ = {isa = PBXFileReference; lastKnownFileType = sourcecode.swift; path = AppDelegate.swift; sourceTree = "<group>"; };
		33E1352F21AF0F98007C1FCC /* ViewController.swift */ = {isa = PBXFileReference; lastKnownFileType = sourcecode.swift; path = ViewController.swift; sourceTree = "<group>"; };
		33E1353221AF0F98007C1FCC /* Base */ = {isa = PBXFileReference; lastKnownFileType = file.storyboard; name = Base; path = Base.lproj/Main.storyboard; sourceTree = "<group>"; };
		33E1353421AF0F9C007C1FCC /* Assets.xcassets */ = {isa = PBXFileReference; lastKnownFileType = folder.assetcatalog; path = Assets.xcassets; sourceTree = "<group>"; };
		33E1353721AF0F9C007C1FCC /* Base */ = {isa = PBXFileReference; lastKnownFileType = file.storyboard; name = Base; path = Base.lproj/LaunchScreen.storyboard; sourceTree = "<group>"; };
		33E1353921AF0F9C007C1FCC /* Info.plist */ = {isa = PBXFileReference; lastKnownFileType = text.plist.xml; path = Info.plist; sourceTree = "<group>"; };
		33E1353E21AF0F9C007C1FCC /* DungeonRPGTests.xctest */ = {isa = PBXFileReference; explicitFileType = wrapper.cfbundle; includeInIndex = 0; path = DungeonRPGTests.xctest; sourceTree = BUILT_PRODUCTS_DIR; };
		33E1354221AF0F9C007C1FCC /* DungeonRPGTests.swift */ = {isa = PBXFileReference; lastKnownFileType = sourcecode.swift; path = DungeonRPGTests.swift; sourceTree = "<group>"; };
		33E1354421AF0F9C007C1FCC /* Info.plist */ = {isa = PBXFileReference; lastKnownFileType = text.plist.xml; path = Info.plist; sourceTree = "<group>"; };
		33E1354921AF0F9C007C1FCC /* DungeonRPGUITests.xctest */ = {isa = PBXFileReference; explicitFileType = wrapper.cfbundle; includeInIndex = 0; path = DungeonRPGUITests.xctest; sourceTree = BUILT_PRODUCTS_DIR; };
		33E1354D21AF0F9C007C1FCC /* DungeonRPGUITests.swift */ = {isa = PBXFileReference; lastKnownFileType = sourcecode.swift; path = DungeonRPGUITests.swift; sourceTree = "<group>"; };
		33E1354F21AF0F9C007C1FCC /* Info.plist */ = {isa = PBXFileReference; lastKnownFileType = text.plist.xml; path = Info.plist; sourceTree = "<group>"; };
		33E1355E21AF1152007C1FCC /* dice9.png */ = {isa = PBXFileReference; lastKnownFileType = image.png; path = dice9.png; sourceTree = "<group>"; };
		33E1355F21AF1152007C1FCC /* dice8.png */ = {isa = PBXFileReference; lastKnownFileType = image.png; path = dice8.png; sourceTree = "<group>"; };
		33E1356021AF1152007C1FCC /* dice12.png */ = {isa = PBXFileReference; lastKnownFileType = image.png; path = dice12.png; sourceTree = "<group>"; };
		33E1356121AF1152007C1FCC /* dice1.png */ = {isa = PBXFileReference; lastKnownFileType = image.png; path = dice1.png; sourceTree = "<group>"; };
		33E1356221AF1152007C1FCC /* dice11.png */ = {isa = PBXFileReference; lastKnownFileType = image.png; path = dice11.png; sourceTree = "<group>"; };
		33E1356321AF1152007C1FCC /* dice3.png */ = {isa = PBXFileReference; lastKnownFileType = image.png; path = dice3.png; sourceTree = "<group>"; };
		33E1356421AF1152007C1FCC /* dice2.png */ = {isa = PBXFileReference; lastKnownFileType = image.png; path = dice2.png; sourceTree = "<group>"; };
		33E1356521AF1152007C1FCC /* dice10.png */ = {isa = PBXFileReference; lastKnownFileType = image.png; path = dice10.png; sourceTree = "<group>"; };
		33E1356621AF1152007C1FCC /* dice6.png */ = {isa = PBXFileReference; lastKnownFileType = image.png; path = dice6.png; sourceTree = "<group>"; };
		33E1356721AF1152007C1FCC /* dice7.png */ = {isa = PBXFileReference; lastKnownFileType = image.png; path = dice7.png; sourceTree = "<group>"; };
		33E1356821AF1152007C1FCC /* dice5.png */ = {isa = PBXFileReference; lastKnownFileType = image.png; path = dice5.png; sourceTree = "<group>"; };
		33E1356921AF1152007C1FCC /* dice4.png */ = {isa = PBXFileReference; lastKnownFileType = image.png; path = dice4.png; sourceTree = "<group>"; };
		33E1356B21AF115B007C1FCC /* dice4U.png */ = {isa = PBXFileReference; lastKnownFileType = image.png; path = dice4U.png; sourceTree = "<group>"; };
		33E1356C21AF115B007C1FCC /* dice8U.png */ = {isa = PBXFileReference; lastKnownFileType = image.png; path = dice8U.png; sourceTree = "<group>"; };
		33E1356D21AF115B007C1FCC /* dice9U.png */ = {isa = PBXFileReference; lastKnownFileType = image.png; path = dice9U.png; sourceTree = "<group>"; };
		33E1356E21AF115B007C1FCC /* dice5U.png */ = {isa = PBXFileReference; lastKnownFileType = image.png; path = dice5U.png; sourceTree = "<group>"; };
		33E1356F21AF115B007C1FCC /* dice2U.png */ = {isa = PBXFileReference; lastKnownFileType = image.png; path = dice2U.png; sourceTree = "<group>"; };
		33E1357021AF115B007C1FCC /* dice11U.png */ = {isa = PBXFileReference; lastKnownFileType = image.png; path = dice11U.png; sourceTree = "<group>"; };
		33E1357121AF115B007C1FCC /* dice10U.png */ = {isa = PBXFileReference; lastKnownFileType = image.png; path = dice10U.png; sourceTree = "<group>"; };
		33E1357221AF115B007C1FCC /* dice3U.png */ = {isa = PBXFileReference; lastKnownFileType = image.png; path = dice3U.png; sourceTree = "<group>"; };
		33E1357321AF115B007C1FCC /* dice1U.png */ = {isa = PBXFileReference; lastKnownFileType = image.png; path = dice1U.png; sourceTree = "<group>"; };
		33E1357421AF115B007C1FCC /* dice12U.png */ = {isa = PBXFileReference; lastKnownFileType = image.png; path = dice12U.png; sourceTree = "<group>"; };
		33E1357521AF115B007C1FCC /* dice6U.png */ = {isa = PBXFileReference; lastKnownFileType = image.png; path = dice6U.png; sourceTree = "<group>"; };
		33E1357621AF115B007C1FCC /* dice7U.png */ = {isa = PBXFileReference; lastKnownFileType = image.png; path = dice7U.png; sourceTree = "<group>"; };
		33E1357721AF119B007C1FCC /* heroes */ = {isa = PBXFileReference; lastKnownFileType = folder; path = heroes; sourceTree = "<group>"; };
		33E1357921AF11CD007C1FCC /* items */ = {isa = PBXFileReference; lastKnownFileType = folder; path = items; sourceTree = "<group>"; };
		33E1357B21AF11D6007C1FCC /* logo.jpg */ = {isa = PBXFileReference; lastKnownFileType = image.jpeg; path = logo.jpg; sourceTree = "<group>"; };
		33E1357D21AF11E2007C1FCC /* monsters */ = {isa = PBXFileReference; lastKnownFileType = folder; path = monsters; sourceTree = "<group>"; };
		33E1357F21AF11F0007C1FCC /* stats */ = {isa = PBXFileReference; lastKnownFileType = folder; path = stats; sourceTree = "<group>"; };
		33E1358121AF12E8007C1FCC /* Heroe.swift */ = {isa = PBXFileReference; lastKnownFileType = sourcecode.swift; path = Heroe.swift; sourceTree = "<group>"; };
		33E1358321AF1642007C1FCC /* Stuff.swift */ = {isa = PBXFileReference; lastKnownFileType = sourcecode.swift; path = Stuff.swift; sourceTree = "<group>"; };
		33E1358521AF16E7007C1FCC /* Item.swift */ = {isa = PBXFileReference; lastKnownFileType = sourcecode.swift; path = Item.swift; sourceTree = "<group>"; };
		33E1358721AF1B63007C1FCC /* Monstruo.swift */ = {isa = PBXFileReference; lastKnownFileType = sourcecode.swift; path = Monstruo.swift; sourceTree = "<group>"; };
/* End PBXFileReference section */

/* Begin PBXFrameworksBuildPhase section */
		33E1352721AF0F98007C1FCC /* Frameworks */ = {
			isa = PBXFrameworksBuildPhase;
			buildActionMask = 2147483647;
			files = (
			);
			runOnlyForDeploymentPostprocessing = 0;
		};
		33E1353B21AF0F9C007C1FCC /* Frameworks */ = {
			isa = PBXFrameworksBuildPhase;
			buildActionMask = 2147483647;
			files = (
			);
			runOnlyForDeploymentPostprocessing = 0;
		};
		33E1354621AF0F9C007C1FCC /* Frameworks */ = {
			isa = PBXFrameworksBuildPhase;
			buildActionMask = 2147483647;
			files = (
			);
			runOnlyForDeploymentPostprocessing = 0;
		};
/* End PBXFrameworksBuildPhase section */

/* Begin PBXGroup section */
		33E1352121AF0F98007C1FCC = {
			isa = PBXGroup;
			children = (
				33E1352C21AF0F98007C1FCC /* DungeonRPG */,
				33E1354121AF0F9C007C1FCC /* DungeonRPGTests */,
				33E1354C21AF0F9C007C1FCC /* DungeonRPGUITests */,
				33E1352B21AF0F98007C1FCC /* Products */,
			);
			sourceTree = "<group>";
		};
		33E1352B21AF0F98007C1FCC /* Products */ = {
			isa = PBXGroup;
			children = (
				33E1352A21AF0F98007C1FCC /* DungeonRPG.app */,
				33E1353E21AF0F9C007C1FCC /* DungeonRPGTests.xctest */,
				33E1354921AF0F9C007C1FCC /* DungeonRPGUITests.xctest */,
			);
			name = Products;
			sourceTree = "<group>";
		};
		33E1352C21AF0F98007C1FCC /* DungeonRPG */ = {
			isa = PBXGroup;
			children = (
				33E1352D21AF0F98007C1FCC /* AppDelegate.swift */,
				33E1352F21AF0F98007C1FCC /* ViewController.swift */,
				33E1353121AF0F98007C1FCC /* Main.storyboard */,
				33E1353421AF0F9C007C1FCC /* Assets.xcassets */,
				33E1357F21AF11F0007C1FCC /* stats */,
				33E1357D21AF11E2007C1FCC /* monsters */,
				33E1357B21AF11D6007C1FCC /* logo.jpg */,
				33E1357921AF11CD007C1FCC /* items */,
				33E1357721AF119B007C1FCC /* heroes */,
				33E1356A21AF115B007C1FCC /* diceUser */,
				33E1355D21AF1152007C1FCC /* diceMonster */,
				33E1353621AF0F9C007C1FCC /* LaunchScreen.storyboard */,
				33E1353921AF0F9C007C1FCC /* Info.plist */,
				33E1358121AF12E8007C1FCC /* Heroe.swift */,
				33E1358321AF1642007C1FCC /* Stuff.swift */,
				33E1358521AF16E7007C1FCC /* Item.swift */,
				33E1358721AF1B63007C1FCC /* Monstruo.swift */,
			);
			path = DungeonRPG;
			sourceTree = "<group>";
		};
		33E1354121AF0F9C007C1FCC /* DungeonRPGTests */ = {
			isa = PBXGroup;
			children = (
				33E1354221AF0F9C007C1FCC /* DungeonRPGTests.swift */,
				33E1354421AF0F9C007C1FCC /* Info.plist */,
			);
			path = DungeonRPGTests;
			sourceTree = "<group>";
		};
		33E1354C21AF0F9C007C1FCC /* DungeonRPGUITests */ = {
			isa = PBXGroup;
			children = (
				33E1354D21AF0F9C007C1FCC /* DungeonRPGUITests.swift */,
				33E1354F21AF0F9C007C1FCC /* Info.plist */,
			);
			path = DungeonRPGUITests;
			sourceTree = "<group>";
		};
		33E1355D21AF1152007C1FCC /* diceMonster */ = {
			isa = PBXGroup;
			children = (
				33E1355E21AF1152007C1FCC /* dice9.png */,
				33E1355F21AF1152007C1FCC /* dice8.png */,
				33E1356021AF1152007C1FCC /* dice12.png */,
				33E1356121AF1152007C1FCC /* dice1.png */,
				33E1356221AF1152007C1FCC /* dice11.png */,
				33E1356321AF1152007C1FCC /* dice3.png */,
				33E1356421AF1152007C1FCC /* dice2.png */,
				33E1356521AF1152007C1FCC /* dice10.png */,
				33E1356621AF1152007C1FCC /* dice6.png */,
				33E1356721AF1152007C1FCC /* dice7.png */,
				33E1356821AF1152007C1FCC /* dice5.png */,
				33E1356921AF1152007C1FCC /* dice4.png */,
			);
			path = diceMonster;
			sourceTree = "<group>";
		};
		33E1356A21AF115B007C1FCC /* diceUser */ = {
			isa = PBXGroup;
			children = (
				33E1356B21AF115B007C1FCC /* dice4U.png */,
				33E1356C21AF115B007C1FCC /* dice8U.png */,
				33E1356D21AF115B007C1FCC /* dice9U.png */,
				33E1356E21AF115B007C1FCC /* dice5U.png */,
				33E1356F21AF115B007C1FCC /* dice2U.png */,
				33E1357021AF115B007C1FCC /* dice11U.png */,
				33E1357121AF115B007C1FCC /* dice10U.png */,
				33E1357221AF115B007C1FCC /* dice3U.png */,
				33E1357321AF115B007C1FCC /* dice1U.png */,
				33E1357421AF115B007C1FCC /* dice12U.png */,
				33E1357521AF115B007C1FCC /* dice6U.png */,
				33E1357621AF115B007C1FCC /* dice7U.png */,
			);
			path = diceUser;
			sourceTree = "<group>";
		};
/* End PBXGroup section */

/* Begin PBXNativeTarget section */
		33E1352921AF0F98007C1FCC /* DungeonRPG */ = {
			isa = PBXNativeTarget;
			buildConfigurationList = 33E1355221AF0F9C007C1FCC /* Build configuration list for PBXNativeTarget "DungeonRPG" */;
			buildPhases = (
				33E1352621AF0F98007C1FCC /* Sources */,
				33E1352721AF0F98007C1FCC /* Frameworks */,
				33E1352821AF0F98007C1FCC /* Resources */,
			);
			buildRules = (
			);
			dependencies = (
			);
			name = DungeonRPG;
			productName = DungeonRPG;
			productReference = 33E1352A21AF0F98007C1FCC /* DungeonRPG.app */;
			productType = "com.apple.product-type.application";
		};
		33E1353D21AF0F9C007C1FCC /* DungeonRPGTests */ = {
			isa = PBXNativeTarget;
			buildConfigurationList = 33E1355521AF0F9C007C1FCC /* Build configuration list for PBXNativeTarget "DungeonRPGTests" */;
			buildPhases = (
				33E1353A21AF0F9C007C1FCC /* Sources */,
				33E1353B21AF0F9C007C1FCC /* Frameworks */,
				33E1353C21AF0F9C007C1FCC /* Resources */,
			);
			buildRules = (
			);
			dependencies = (
				33E1354021AF0F9C007C1FCC /* PBXTargetDependency */,
			);
			name = DungeonRPGTests;
			productName = DungeonRPGTests;
			productReference = 33E1353E21AF0F9C007C1FCC /* DungeonRPGTests.xctest */;
			productType = "com.apple.product-type.bundle.unit-test";
		};
		33E1354821AF0F9C007C1FCC /* DungeonRPGUITests */ = {
			isa = PBXNativeTarget;
			buildConfigurationList = 33E1355821AF0F9C007C1FCC /* Build configuration list for PBXNativeTarget "DungeonRPGUITests" */;
			buildPhases = (
				33E1354521AF0F9C007C1FCC /* Sources */,
				33E1354621AF0F9C007C1FCC /* Frameworks */,
				33E1354721AF0F9C007C1FCC /* Resources */,
			);
			buildRules = (
			);
			dependencies = (
				33E1354B21AF0F9C007C1FCC /* PBXTargetDependency */,
			);
			name = DungeonRPGUITests;
			productName = DungeonRPGUITests;
			productReference = 33E1354921AF0F9C007C1FCC /* DungeonRPGUITests.xctest */;
			productType = "com.apple.product-type.bundle.ui-testing";
		};
/* End PBXNativeTarget section */

/* Begin PBXProject section */
		33E1352221AF0F98007C1FCC /* Project object */ = {
			isa = PBXProject;
			attributes = {
				LastSwiftUpdateCheck = 1010;
				LastUpgradeCheck = 1010;
				ORGANIZATIONNAME = DAM;
				TargetAttributes = {
					33E1352921AF0F98007C1FCC = {
						CreatedOnToolsVersion = 10.1;
					};
					33E1353D21AF0F9C007C1FCC = {
						CreatedOnToolsVersion = 10.1;
						TestTargetID = 33E1352921AF0F98007C1FCC;
					};
					33E1354821AF0F9C007C1FCC = {
						CreatedOnToolsVersion = 10.1;
						TestTargetID = 33E1352921AF0F98007C1FCC;
					};
				};
			};
			buildConfigurationList = 33E1352521AF0F98007C1FCC /* Build configuration list for PBXProject "DungeonRPG" */;
			compatibilityVersion = "Xcode 9.3";
			developmentRegion = en;
			hasScannedForEncodings = 0;
			knownRegions = (
				en,
				Base,
			);
			mainGroup = 33E1352121AF0F98007C1FCC;
			productRefGroup = 33E1352B21AF0F98007C1FCC /* Products */;
			projectDirPath = "";
			projectRoot = "";
			targets = (
				33E1352921AF0F98007C1FCC /* DungeonRPG */,
				33E1353D21AF0F9C007C1FCC /* DungeonRPGTests */,
				33E1354821AF0F9C007C1FCC /* DungeonRPGUITests */,
			);
		};
/* End PBXProject section */

/* Begin PBXResourcesBuildPhase section */
		33E1352821AF0F98007C1FCC /* Resources */ = {
			isa = PBXResourcesBuildPhase;
			buildActionMask = 2147483647;
			files = (
				33E1357A21AF11CD007C1FCC /* items in Resources */,
				33E1357821AF119B007C1FCC /* heroes in Resources */,
				33E1353821AF0F9C007C1FCC /* LaunchScreen.storyboard in Resources */,
				33E1353521AF0F9C007C1FCC /* Assets.xcassets in Resources */,
				33E1358021AF11F0007C1FCC /* stats in Resources */,
				33E1357C21AF11D6007C1FCC /* logo.jpg in Resources */,
				33E1357E21AF11E2007C1FCC /* monsters in Resources */,
				33E1353321AF0F98007C1FCC /* Main.storyboard in Resources */,
			);
			runOnlyForDeploymentPostprocessing = 0;
		};
		33E1353C21AF0F9C007C1FCC /* Resources */ = {
			isa = PBXResourcesBuildPhase;
			buildActionMask = 2147483647;
			files = (
			);
			runOnlyForDeploymentPostprocessing = 0;
		};
		33E1354721AF0F9C007C1FCC /* Resources */ = {
			isa = PBXResourcesBuildPhase;
			buildActionMask = 2147483647;
			files = (
			);
			runOnlyForDeploymentPostprocessing = 0;
		};
/* End PBXResourcesBuildPhase section */

/* Begin PBXSourcesBuildPhase section */
		33E1352621AF0F98007C1FCC /* Sources */ = {
			isa = PBXSourcesBuildPhase;
			buildActionMask = 2147483647;
			files = (
				33E1358821AF1B63007C1FCC /* Monstruo.swift in Sources */,
				33E1358621AF16E7007C1FCC /* Item.swift in Sources */,
				33E1353021AF0F98007C1FCC /* ViewController.swift in Sources */,
				33E1352E21AF0F98007C1FCC /* AppDelegate.swift in Sources */,
				33E1358421AF1642007C1FCC /* Stuff.swift in Sources */,
				33E1358221AF12E8007C1FCC /* Heroe.swift in Sources */,
			);
			runOnlyForDeploymentPostprocessing = 0;
		};
		33E1353A21AF0F9C007C1FCC /* Sources */ = {
			isa = PBXSourcesBuildPhase;
			buildActionMask = 2147483647;
			files = (
				33E1354321AF0F9C007C1FCC /* DungeonRPGTests.swift in Sources */,
			);
			runOnlyForDeploymentPostprocessing = 0;
		};
		33E1354521AF0F9C007C1FCC /* Sources */ = {
			isa = PBXSourcesBuildPhase;
			buildActionMask = 2147483647;
			files = (
				33E1354E21AF0F9C007C1FCC /* DungeonRPGUITests.swift in Sources */,
			);
			runOnlyForDeploymentPostprocessing = 0;
		};
/* End PBXSourcesBuildPhase section */

/* Begin PBXTargetDependency section */
		33E1354021AF0F9C007C1FCC /* PBXTargetDependency */ = {
			isa = PBXTargetDependency;
			target = 33E1352921AF0F98007C1FCC /* DungeonRPG */;
			targetProxy = 33E1353F21AF0F9C007C1FCC /* PBXContainerItemProxy */;
		};
		33E1354B21AF0F9C007C1FCC /* PBXTargetDependency */ = {
			isa = PBXTargetDependency;
			target = 33E1352921AF0F98007C1FCC /* DungeonRPG */;
			targetProxy = 33E1354A21AF0F9C007C1FCC /* PBXContainerItemProxy */;
		};
/* End PBXTargetDependency section */

/* Begin PBXVariantGroup section */
		33E1353121AF0F98007C1FCC /* Main.storyboard */ = {
			isa = PBXVariantGroup;
			children = (
				33E1353221AF0F98007C1FCC /* Base */,
			);
			name = Main.storyboard;
			sourceTree = "<group>";
		};
		33E1353621AF0F9C007C1FCC /* LaunchScreen.storyboard */ = {
			isa = PBXVariantGroup;
			children = (
				33E1353721AF0F9C007C1FCC /* Base */,
			);
			name = LaunchScreen.storyboard;
			sourceTree = "<group>";
		};
/* End PBXVariantGroup section */

/* Begin XCBuildConfiguration section */
		33E1355021AF0F9C007C1FCC /* Debug */ = {
			isa = XCBuildConfiguration;
			buildSettings = {
				ALWAYS_SEARCH_USER_PATHS = NO;
				CLANG_ANALYZER_NONNULL = YES;
				CLANG_ANALYZER_NUMBER_OBJECT_CONVERSION = YES_AGGRESSIVE;
				CLANG_CXX_LANGUAGE_STANDARD = "gnu++14";
				CLANG_CXX_LIBRARY = "libc++";
				CLANG_ENABLE_MODULES = YES;
				CLANG_ENABLE_OBJC_ARC = YES;
				CLANG_ENABLE_OBJC_WEAK = YES;
				CLANG_WARN_BLOCK_CAPTURE_AUTORELEASING = YES;
				CLANG_WARN_BOOL_CONVERSION = YES;
				CLANG_WARN_COMMA = YES;
				CLANG_WARN_CONSTANT_CONVERSION = YES;
				CLANG_WARN_DEPRECATED_OBJC_IMPLEMENTATIONS = YES;
				CLANG_WARN_DIRECT_OBJC_ISA_USAGE = YES_ERROR;
				CLANG_WARN_DOCUMENTATION_COMMENTS = YES;
				CLANG_WARN_EMPTY_BODY = YES;
				CLANG_WARN_ENUM_CONVERSION = YES;
				CLANG_WARN_INFINITE_RECURSION = YES;
				CLANG_WARN_INT_CONVERSION = YES;
				CLANG_WARN_NON_LITERAL_NULL_CONVERSION = YES;
				CLANG_WARN_OBJC_IMPLICIT_RETAIN_SELF = YES;
				CLANG_WARN_OBJC_LITERAL_CONVERSION = YES;
				CLANG_WARN_OBJC_ROOT_CLASS = YES_ERROR;
				CLANG_WARN_RANGE_LOOP_ANALYSIS = YES;
				CLANG_WARN_STRICT_PROTOTYPES = YES;
				CLANG_WARN_SUSPICIOUS_MOVE = YES;
				CLANG_WARN_UNGUARDED_AVAILABILITY = YES_AGGRESSIVE;
				CLANG_WARN_UNREACHABLE_CODE = YES;
				CLANG_WARN__DUPLICATE_METHOD_MATCH = YES;
				CODE_SIGN_IDENTITY = "iPhone Developer";
				COPY_PHASE_STRIP = NO;
				DEBUG_INFORMATION_FORMAT = dwarf;
				ENABLE_STRICT_OBJC_MSGSEND = YES;
				ENABLE_TESTABILITY = YES;
				GCC_C_LANGUAGE_STANDARD = gnu11;
				GCC_DYNAMIC_NO_PIC = NO;
				GCC_NO_COMMON_BLOCKS = YES;
				GCC_OPTIMIZATION_LEVEL = 0;
				GCC_PREPROCESSOR_DEFINITIONS = (
					"DEBUG=1",
					"$(inherited)",
				);
				GCC_WARN_64_TO_32_BIT_CONVERSION = YES;
				GCC_WARN_ABOUT_RETURN_TYPE = YES_ERROR;
				GCC_WARN_UNDECLARED_SELECTOR = YES;
				GCC_WARN_UNINITIALIZED_AUTOS = YES_AGGRESSIVE;
				GCC_WARN_UNUSED_FUNCTION = YES;
				GCC_WARN_UNUSED_VARIABLE = YES;
				IPHONEOS_DEPLOYMENT_TARGET = 12.1;
				MTL_ENABLE_DEBUG_INFO = INCLUDE_SOURCE;
				MTL_FAST_MATH = YES;
				ONLY_ACTIVE_ARCH = YES;
				SDKROOT = iphoneos;
				SWIFT_ACTIVE_COMPILATION_CONDITIONS = DEBUG;
				SWIFT_OPTIMIZATION_LEVEL = "-Onone";
			};
			name = Debug;
		};
		33E1355121AF0F9C007C1FCC /* Release */ = {
			isa = XCBuildConfiguration;
			buildSettings = {
				ALWAYS_SEARCH_USER_PATHS = NO;
				CLANG_ANALYZER_NONNULL = YES;
				CLANG_ANALYZER_NUMBER_OBJECT_CONVERSION = YES_AGGRESSIVE;
				CLANG_CXX_LANGUAGE_STANDARD = "gnu++14";
				CLANG_CXX_LIBRARY = "libc++";
				CLANG_ENABLE_MODULES = YES;
				CLANG_ENABLE_OBJC_ARC = YES;
				CLANG_ENABLE_OBJC_WEAK = YES;
				CLANG_WARN_BLOCK_CAPTURE_AUTORELEASING = YES;
				CLANG_WARN_BOOL_CONVERSION = YES;
				CLANG_WARN_COMMA = YES;
				CLANG_WARN_CONSTANT_CONVERSION = YES;
				CLANG_WARN_DEPRECATED_OBJC_IMPLEMENTATIONS = YES;
				CLANG_WARN_DIRECT_OBJC_ISA_USAGE = YES_ERROR;
				CLANG_WARN_DOCUMENTATION_COMMENTS = YES;
				CLANG_WARN_EMPTY_BODY = YES;
				CLANG_WARN_ENUM_CONVERSION = YES;
				CLANG_WARN_INFINITE_RECURSION = YES;
				CLANG_WARN_INT_CONVERSION = YES;
				CLANG_WARN_NON_LITERAL_NULL_CONVERSION = YES;
				CLANG_WARN_OBJC_IMPLICIT_RETAIN_SELF = YES;
				CLANG_WARN_OBJC_LITERAL_CONVERSION = YES;
				CLANG_WARN_OBJC_ROOT_CLASS = YES_ERROR;
				CLANG_WARN_RANGE_LOOP_ANALYSIS = YES;
				CLANG_WARN_STRICT_PROTOTYPES = YES;
				CLANG_WARN_SUSPICIOUS_MOVE = YES;
				CLANG_WARN_UNGUARDED_AVAILABILITY = YES_AGGRESSIVE;
				CLANG_WARN_UNREACHABLE_CODE = YES;
				CLANG_WARN__DUPLICATE_METHOD_MATCH = YES;
				CODE_SIGN_IDENTITY = "iPhone Developer";
				COPY_PHASE_STRIP = NO;
				DEBUG_INFORMATION_FORMAT = "dwarf-with-dsym";
				ENABLE_NS_ASSERTIONS = NO;
				ENABLE_STRICT_OBJC_MSGSEND = YES;
				GCC_C_LANGUAGE_STANDARD = gnu11;
				GCC_NO_COMMON_BLOCKS = YES;
				GCC_WARN_64_TO_32_BIT_CONVERSION = YES;
				GCC_WARN_ABOUT_RETURN_TYPE = YES_ERROR;
				GCC_WARN_UNDECLARED_SELECTOR = YES;
				GCC_WARN_UNINITIALIZED_AUTOS = YES_AGGRESSIVE;
				GCC_WARN_UNUSED_FUNCTION = YES;
				GCC_WARN_UNUSED_VARIABLE = YES;
				IPHONEOS_DEPLOYMENT_TARGET = 12.1;
				MTL_ENABLE_DEBUG_INFO = NO;
				MTL_FAST_MATH = YES;
				SDKROOT = iphoneos;
				SWIFT_COMPILATION_MODE = wholemodule;
				SWIFT_OPTIMIZATION_LEVEL = "-O";
				VALIDATE_PRODUCT = YES;
			};
			name = Release;
		};
		33E1355321AF0F9C007C1FCC /* Debug */ = {
			isa = XCBuildConfiguration;
			buildSettings = {
				ASSETCATALOG_COMPILER_APPICON_NAME = AppIcon;
				CODE_SIGN_STYLE = Automatic;
				INFOPLIST_FILE = DungeonRPG/Info.plist;
				LD_RUNPATH_SEARCH_PATHS = (
					"$(inherited)",
					"@executable_path/Frameworks",
				);
				PRODUCT_BUNDLE_IDENTIFIER = "-3.DungeonRPG";
				PRODUCT_NAME = "$(TARGET_NAME)";
				SWIFT_VERSION = 4.2;
				TARGETED_DEVICE_FAMILY = "1,2";
			};
			name = Debug;
		};
		33E1355421AF0F9C007C1FCC /* Release */ = {
			isa = XCBuildConfiguration;
			buildSettings = {
				ASSETCATALOG_COMPILER_APPICON_NAME = AppIcon;
				CODE_SIGN_STYLE = Automatic;
				INFOPLIST_FILE = DungeonRPG/Info.plist;
				LD_RUNPATH_SEARCH_PATHS = (
					"$(inherited)",
					"@executable_path/Frameworks",
				);
				PRODUCT_BUNDLE_IDENTIFIER = "-3.DungeonRPG";
				PRODUCT_NAME = "$(TARGET_NAME)";
				SWIFT_VERSION = 4.2;
				TARGETED_DEVICE_FAMILY = "1,2";
			};
			name = Release;
		};
		33E1355621AF0F9C007C1FCC /* Debug */ = {
			isa = XCBuildConfiguration;
			buildSettings = {
				ALWAYS_EMBED_SWIFT_STANDARD_LIBRARIES = YES;
				BUNDLE_LOADER = "$(TEST_HOST)";
				CODE_SIGN_STYLE = Automatic;
				INFOPLIST_FILE = DungeonRPGTests/Info.plist;
				LD_RUNPATH_SEARCH_PATHS = (
					"$(inherited)",
					"@executable_path/Frameworks",
					"@loader_path/Frameworks",
				);
				PRODUCT_BUNDLE_IDENTIFIER = "-3.DungeonRPGTests";
				PRODUCT_NAME = "$(TARGET_NAME)";
				SWIFT_VERSION = 4.2;
				TARGETED_DEVICE_FAMILY = "1,2";
				TEST_HOST = "$(BUILT_PRODUCTS_DIR)/DungeonRPG.app/DungeonRPG";
			};
			name = Debug;
		};
		33E1355721AF0F9C007C1FCC /* Release */ = {
			isa = XCBuildConfiguration;
			buildSettings = {
				ALWAYS_EMBED_SWIFT_STANDARD_LIBRARIES = YES;
				BUNDLE_LOADER = "$(TEST_HOST)";
				CODE_SIGN_STYLE = Automatic;
				INFOPLIST_FILE = DungeonRPGTests/Info.plist;
				LD_RUNPATH_SEARCH_PATHS = (
					"$(inherited)",
					"@executable_path/Frameworks",
					"@loader_path/Frameworks",
				);
				PRODUCT_BUNDLE_IDENTIFIER = "-3.DungeonRPGTests";
				PRODUCT_NAME = "$(TARGET_NAME)";
				SWIFT_VERSION = 4.2;
				TARGETED_DEVICE_FAMILY = "1,2";
				TEST_HOST = "$(BUILT_PRODUCTS_DIR)/DungeonRPG.app/DungeonRPG";
			};
			name = Release;
		};
		33E1355921AF0F9C007C1FCC /* Debug */ = {
			isa = XCBuildConfiguration;
			buildSettings = {
				ALWAYS_EMBED_SWIFT_STANDARD_LIBRARIES = YES;
				CODE_SIGN_STYLE = Automatic;
				INFOPLIST_FILE = DungeonRPGUITests/Info.plist;
				LD_RUNPATH_SEARCH_PATHS = (
					"$(inherited)",
					"@executable_path/Frameworks",
					"@loader_path/Frameworks",
				);
				PRODUCT_BUNDLE_IDENTIFIER = "-3.DungeonRPGUITests";
				PRODUCT_NAME = "$(TARGET_NAME)";
				SWIFT_VERSION = 4.2;
				TARGETED_DEVICE_FAMILY = "1,2";
				TEST_TARGET_NAME = DungeonRPG;
			};
			name = Debug;
		};
		33E1355A21AF0F9C007C1FCC /* Release */ = {
			isa = XCBuildConfiguration;
			buildSettings = {
				ALWAYS_EMBED_SWIFT_STANDARD_LIBRARIES = YES;
				CODE_SIGN_STYLE = Automatic;
				INFOPLIST_FILE = DungeonRPGUITests/Info.plist;
				LD_RUNPATH_SEARCH_PATHS = (
					"$(inherited)",
					"@executable_path/Frameworks",
					"@loader_path/Frameworks",
				);
				PRODUCT_BUNDLE_IDENTIFIER = "-3.DungeonRPGUITests";
				PRODUCT_NAME = "$(TARGET_NAME)";
				SWIFT_VERSION = 4.2;
				TARGETED_DEVICE_FAMILY = "1,2";
				TEST_TARGET_NAME = DungeonRPG;
			};
			name = Release;
		};
/* End XCBuildConfiguration section */

/* Begin XCConfigurationList section */
		33E1352521AF0F98007C1FCC /* Build configuration list for PBXProject "DungeonRPG" */ = {
			isa = XCConfigurationList;
			buildConfigurations = (
				33E1355021AF0F9C007C1FCC /* Debug */,
				33E1355121AF0F9C007C1FCC /* Release */,
			);
			defaultConfigurationIsVisible = 0;
			defaultConfigurationName = Release;
		};
		33E1355221AF0F9C007C1FCC /* Build configuration list for PBXNativeTarget "DungeonRPG" */ = {
			isa = XCConfigurationList;
			buildConfigurations = (
				33E1355321AF0F9C007C1FCC /* Debug */,
				33E1355421AF0F9C007C1FCC /* Release */,
			);
			defaultConfigurationIsVisible = 0;
			defaultConfigurationName = Release;
		};
		33E1355521AF0F9C007C1FCC /* Build configuration list for PBXNativeTarget "DungeonRPGTests" */ = {
			isa = XCConfigurationList;
			buildConfigurations = (
				33E1355621AF0F9C007C1FCC /* Debug */,
				33E1355721AF0F9C007C1FCC /* Release */,
			);
			defaultConfigurationIsVisible = 0;
			defaultConfigurationName = Release;
		};
		33E1355821AF0F9C007C1FCC /* Build configuration list for PBXNativeTarget "DungeonRPGUITests" */ = {
			isa = XCConfigurationList;
			buildConfigurations = (
				33E1355921AF0F9C007C1FCC /* Debug */,
				33E1355A21AF0F9C007C1FCC /* Release */,
			);
			defaultConfigurationIsVisible = 0;
			defaultConfigurationName = Release;
		};
/* End XCConfigurationList section */
	};
	rootObject = 33E1352221AF0F98007C1FCC /* Project object */;
}
